
Microsoft Visual Studio Solution File, Format Version 12.00
# Visual Studio 15
VisualStudioVersion = 15.0.27004.2002
MinimumVisualStudioVersion = 10.0.40219.1
Project("{9A19103F-16F7-4668-BE54-9A1E7A4F7556}") = "ScatterGather", "ScatterGather\ScatterGather.csproj", "{D06BBB67-2293-4F34-934B-77C643505577}"
EndProject
Project("{9A19103F-16F7-4668-BE54-9A1E7A4F7556}") = "ScatterGatherConsole", "ScatterGatherConsole\ScatterGatherConsole.csproj", "{BF137660-1E5B-4D88-8360-9BD772508650}"
EndProject
Project("{FAE04EC0-301F-11D3-BF4B-00C04F79EFBC}") = "ScatterGather.Tests", "ScatterGather.Tests\ScatterGather.Tests.csproj", "{D456A4B4-BEE2-4A42-9999-392BA9EB2B24}"
EndProject
Global
	GlobalSection(SolutionConfigurationPlatforms) = preSolution
		Debug|Any CPU = Debug|Any CPU
		Release|Any CPU = Release|Any CPU
	EndGlobalSection
	GlobalSection(ProjectConfigurationPlatforms) = postSolution
		{D06BBB67-2293-4F34-934B-77C643505577}.Debug|Any CPU.ActiveCfg = Debug|Any CPU
		{D06BBB67-2293-4F34-934B-77C643505577}.Debug|Any CPU.Build.0 = Debug|Any CPU
		{D06BBB67-2293-4F34-934B-77C643505577}.Release|Any CPU.ActiveCfg = Release|Any CPU
		{D06BBB67-2293-4F34-934B-77C643505577}.Release|Any CPU.Build.0 = Release|Any CPU
		{BF137660-1E5B-4D88-8360-9BD772508650}.Debug|Any CPU.ActiveCfg = Debug|Any CPU
		{BF137660-1E5B-4D88-8360-9BD772508650}.Debug|Any CPU.Build.0 = Debug|Any CPU
		{BF137660-1E5B-4D88-8360-9BD772508650}.Release|Any CPU.ActiveCfg = Release|Any CPU
		{BF137660-1E5B-4D88-8360-9BD772508650}.Release|Any CPU.Build.0 = Release|Any CPU
		{D456A4B4-BEE2-4A42-9999-392BA9EB2B24}.Debug|Any CPU.ActiveCfg = Debug|Any CPU
		{D456A4B4-BEE2-4A42-9999-392BA9EB2B24}.Debug|Any CPU.Build.0 = Debug|Any CPU
		{D456A4B4-BEE2-4A42-9999-392BA9EB2B24}.Release|Any CPU.ActiveCfg = Release|Any CPU
		{D456A4B4-BEE2-4A42-9999-392BA9EB2B24}.Release|Any CPU.Build.0 = Release|Any CPU
	EndGlobalSection
	GlobalSection(SolutionProperties) = preSolution
		HideSolutionNode = FALSE
	EndGlobalSection
	GlobalSection(ExtensibilityGlobals) = postSolution
		SolutionGuid = {83EF75EA-B172-446E-9820-E5369E223C1E}
	EndGlobalSection
EndGlobal
